
Microsoft Visual Studio Solution File, Format Version 12.00
# Visual Studio Version 17
VisualStudioVersion = 17.9.34714.143
MinimumVisualStudioVersion = 10.0.40219.1
Project("{FAE04EC0-301F-11D3-BF4B-00C04F79EFBC}") = "HPAmerica", "HPAmerica\HPAmerica.csproj", "{EF8F5ED7-6E6C-4D55-91EA-63CECB308E94}"
EndProject
Global
	GlobalSection(SolutionConfigurationPlatforms) = preSolution
		Debug|Any CPU = Debug|Any CPU
		Release|Any CPU = Release|Any CPU
	EndGlobalSection
	GlobalSection(ProjectConfigurationPlatforms) = postSolution
		{EF8F5ED7-6E6C-4D55-91EA-63CECB308E94}.Debug|Any CPU.ActiveCfg = Debug|Any CPU
		{EF8F5ED7-6E6C-4D55-91EA-63CECB308E94}.Debug|Any CPU.Build.0 = Debug|Any CPU
		{EF8F5ED7-6E6C-4D55-91EA-63CECB308E94}.Release|Any CPU.ActiveCfg = Release|Any CPU
		{EF8F5ED7-6E6C-4D55-91EA-63CECB308E94}.Release|Any CPU.Build.0 = Release|Any CPU
	EndGlobalSection
	GlobalSection(SolutionProperties) = preSolution
		HideSolutionNode = FALSE
	EndGlobalSection
	GlobalSection(ExtensibilityGlobals) = postSolution
		SolutionGuid = {40399A3B-A436-4DFF-AE24-B99B5D529A31}
	EndGlobalSection
EndGlobal
